// !$*UTF8*$!
{
	archiveVersion = 1;
	classes = {
	};
	objectVersion = 55;
	objects = {

/* Begin PBXBuildFile section */
		295BEA72287DACCB005E8130 /* FastWANApp.swift in Sources */ = {isa = PBXBuildFile; fileRef = 295BEA71287DACCB005E8130 /* FastWANApp.swift */; };
		295BEA74287DACCB005E8130 /* ContentView.swift in Sources */ = {isa = PBXBuildFile; fileRef = 295BEA73287DACCB005E8130 /* ContentView.swift */; };
		295BEA76287DACCE005E8130 /* Assets.xcassets in Resources */ = {isa = PBXBuildFile; fileRef = 295BEA75287DACCE005E8130 /* Assets.xcassets */; };
		295BEA79287DACCE005E8130 /* Preview Assets.xcassets in Resources */ = {isa = PBXBuildFile; fileRef = 295BEA78287DACCE005E8130 /* Preview Assets.xcassets */; };
		295BEA83287DACCE005E8130 /* FastWANTests.swift in Sources */ = {isa = PBXBuildFile; fileRef = 295BEA82287DACCE005E8130 /* FastWANTests.swift */; };
		295BEA8D287DACCF005E8130 /* FastWANUITests.swift in Sources */ = {isa = PBXBuildFile; fileRef = 295BEA8C287DACCF005E8130 /* FastWANUITests.swift */; };
		295BEA8F287DACCF005E8130 /* FastWANUITestsLaunchTests.swift in Sources */ = {isa = PBXBuildFile; fileRef = 295BEA8E287DACCF005E8130 /* FastWANUITestsLaunchTests.swift */; };
/* End PBXBuildFile section */

/* Begin PBXContainerItemProxy section */
		295BEA7F287DACCE005E8130 /* PBXContainerItemProxy */ = {
			isa = PBXContainerItemProxy;
			containerPortal = 295BEA66287DACCB005E8130 /* Project object */;
			proxyType = 1;
			remoteGlobalIDString = 295BEA6D287DACCB005E8130;
			remoteInfo = FastWAN;
		};
		295BEA89287DACCF005E8130 /* PBXContainerItemProxy */ = {
			isa = PBXContainerItemProxy;
			containerPortal = 295BEA66287DACCB005E8130 /* Project object */;
			proxyType = 1;
			remoteGlobalIDString = 295BEA6D287DACCB005E8130;
			remoteInfo = FastWAN;
		};
/* End PBXContainerItemProxy section */

/* Begin PBXFileReference section */
		295BEA6E287DACCB005E8130 /* FastWAN.app */ = {isa = PBXFileReference; explicitFileType = wrapper.application; includeInIndex = 0; path = FastWAN.app; sourceTree = BUILT_PRODUCTS_DIR; };
		295BEA71287DACCB005E8130 /* FastWANApp.swift */ = {isa = PBXFileReference; lastKnownFileType = sourcecode.swift; path = FastWANApp.swift; sourceTree = "<group>"; };
		295BEA73287DACCB005E8130 /* ContentView.swift */ = {isa = PBXFileReference; lastKnownFileType = sourcecode.swift; path = ContentView.swift; sourceTree = "<group>"; };
		295BEA75287DACCE005E8130 /* Assets.xcassets */ = {isa = PBXFileReference; lastKnownFileType = folder.assetcatalog; path = Assets.xcassets; sourceTree = "<group>"; };
		295BEA78287DACCE005E8130 /* Preview Assets.xcassets */ = {isa = PBXFileReference; lastKnownFileType = folder.assetcatalog; path = "Preview Assets.xcassets"; sourceTree = "<group>"; };
		295BEA7E287DACCE005E8130 /* FastWANTests.xctest */ = {isa = PBXFileReference; explicitFileType = wrapper.cfbundle; includeInIndex = 0; path = FastWANTests.xctest; sourceTree = BUILT_PRODUCTS_DIR; };
		295BEA82287DACCE005E8130 /* FastWANTests.swift */ = {isa = PBXFileReference; lastKnownFileType = sourcecode.swift; path = FastWANTests.swift; sourceTree = "<group>"; };
		295BEA88287DACCF005E8130 /* FastWANUITests.xctest */ = {isa = PBXFileReference; explicitFileType = wrapper.cfbundle; includeInIndex = 0; path = FastWANUITests.xctest; sourceTree = BUILT_PRODUCTS_DIR; };
		295BEA8C287DACCF005E8130 /* FastWANUITests.swift */ = {isa = PBXFileReference; lastKnownFileType = sourcecode.swift; path = FastWANUITests.swift; sourceTree = "<group>"; };
		295BEA8E287DACCF005E8130 /* FastWANUITestsLaunchTests.swift */ = {isa = PBXFileReference; lastKnownFileType = sourcecode.swift; path = FastWANUITestsLaunchTests.swift; sourceTree = "<group>"; };
/* End PBXFileReference section */

/* Begin PBXFrameworksBuildPhase section */
		295BEA6B287DACCB005E8130 /* Frameworks */ = {
			isa = PBXFrameworksBuildPhase;
			buildActionMask = 2147483647;
			files = (
			);
			runOnlyForDeploymentPostprocessing = 0;
		};
		295BEA7B287DACCE005E8130 /* Frameworks */ = {
			isa = PBXFrameworksBuildPhase;
			buildActionMask = 2147483647;
			files = (
			);
			runOnlyForDeploymentPostprocessing = 0;
		};
		295BEA85287DACCF005E8130 /* Frameworks */ = {
			isa = PBXFrameworksBuildPhase;
			buildActionMask = 2147483647;
			files = (
			);
			runOnlyForDeploymentPostprocessing = 0;
		};
/* End PBXFrameworksBuildPhase section */

/* Begin PBXGroup section */
		295BEA65287DACCB005E8130 = {
			isa = PBXGroup;
			children = (
				295BEA70287DACCB005E8130 /* FastWAN */,
				295BEA81287DACCE005E8130 /* FastWANTests */,
				295BEA8B287DACCF005E8130 /* FastWANUITests */,
				295BEA6F287DACCB005E8130 /* Products */,
			);
			sourceTree = "<group>";
		};
		295BEA6F287DACCB005E8130 /* Products */ = {
			isa = PBXGroup;
			children = (
				295BEA6E287DACCB005E8130 /* FastWAN.app */,
				295BEA7E287DACCE005E8130 /* FastWANTests.xctest */,
				295BEA88287DACCF005E8130 /* FastWANUITests.xctest */,
			);
			name = Products;
			sourceTree = "<group>";
		};
		295BEA70287DACCB005E8130 /* FastWAN */ = {
			isa = PBXGroup;
			children = (
				295BEA71287DACCB005E8130 /* FastWANApp.swift */,
				295BEA73287DACCB005E8130 /* ContentView.swift */,
				295BEA75287DACCE005E8130 /* Assets.xcassets */,
				295BEA77287DACCE005E8130 /* Preview Content */,
			);
			path = FastWAN;
			sourceTree = "<group>";
		};
		295BEA77287DACCE005E8130 /* Preview Content */ = {
			isa = PBXGroup;
			children = (
				295BEA78287DACCE005E8130 /* Preview Assets.xcassets */,
			);
			path = "Preview Content";
			sourceTree = "<group>";
		};
		295BEA81287DACCE005E8130 /* FastWANTests */ = {
			isa = PBXGroup;
			children = (
				295BEA82287DACCE005E8130 /* FastWANTests.swift */,
			);
			path = FastWANTests;
			sourceTree = "<group>";
		};
		295BEA8B287DACCF005E8130 /* FastWANUITests */ = {
			isa = PBXGroup;
			children = (
				295BEA8C287DACCF005E8130 /* FastWANUITests.swift */,
				295BEA8E287DACCF005E8130 /* FastWANUITestsLaunchTests.swift */,
			);
			path = FastWANUITests;
			sourceTree = "<group>";
		};
/* End PBXGroup section */

/* Begin PBXNativeTarget section */
		295BEA6D287DACCB005E8130 /* FastWAN */ = {
			isa = PBXNativeTarget;
			buildConfigurationList = 295BEA92287DACCF005E8130 /* Build configuration list for PBXNativeTarget "FastWAN" */;
			buildPhases = (
				295BEA6A287DACCB005E8130 /* Sources */,
				295BEA6B287DACCB005E8130 /* Frameworks */,
				295BEA6C287DACCB005E8130 /* Resources */,
			);
			buildRules = (
			);
			dependencies = (
			);
			name = FastWAN;
			productName = FastWAN;
			productReference = 295BEA6E287DACCB005E8130 /* FastWAN.app */;
			productType = "com.apple.product-type.application";
		};
		295BEA7D287DACCE005E8130 /* FastWANTests */ = {
			isa = PBXNativeTarget;
			buildConfigurationList = 295BEA95287DACCF005E8130 /* Build configuration list for PBXNativeTarget "FastWANTests" */;
			buildPhases = (
				295BEA7A287DACCE005E8130 /* Sources */,
				295BEA7B287DACCE005E8130 /* Frameworks */,
				295BEA7C287DACCE005E8130 /* Resources */,
			);
			buildRules = (
			);
			dependencies = (
				295BEA80287DACCE005E8130 /* PBXTargetDependency */,
			);
			name = FastWANTests;
			productName = FastWANTests;
			productReference = 295BEA7E287DACCE005E8130 /* FastWANTests.xctest */;
			productType = "com.apple.product-type.bundle.unit-test";
		};
		295BEA87287DACCF005E8130 /* FastWANUITests */ = {
			isa = PBXNativeTarget;
			buildConfigurationList = 295BEA98287DACCF005E8130 /* Build configuration list for PBXNativeTarget "FastWANUITests" */;
			buildPhases = (
				295BEA84287DACCF005E8130 /* Sources */,
				295BEA85287DACCF005E8130 /* Frameworks */,
				295BEA86287DACCF005E8130 /* Resources */,
			);
			buildRules = (
			);
			dependencies = (
				295BEA8A287DACCF005E8130 /* PBXTargetDependency */,
			);
			name = FastWANUITests;
			productName = FastWANUITests;
			productReference = 295BEA88287DACCF005E8130 /* FastWANUITests.xctest */;
			productType = "com.apple.product-type.bundle.ui-testing";
		};
/* End PBXNativeTarget section */

/* Begin PBXProject section */
		295BEA66287DACCB005E8130 /* Project object */ = {
			isa = PBXProject;
			attributes = {
				BuildIndependentTargetsInParallel = 1;
				LastSwiftUpdateCheck = 1320;
				LastUpgradeCheck = 1320;
				TargetAttributes = {
					295BEA6D287DACCB005E8130 = {
						CreatedOnToolsVersion = 13.2;
					};
					295BEA7D287DACCE005E8130 = {
						CreatedOnToolsVersion = 13.2;
						TestTargetID = 295BEA6D287DACCB005E8130;
					};
					295BEA87287DACCF005E8130 = {
						CreatedOnToolsVersion = 13.2;
						TestTargetID = 295BEA6D287DACCB005E8130;
					};
				};
			};
			buildConfigurationList = 295BEA69287DACCB005E8130 /* Build configuration list for PBXProject "FastWAN" */;
			compatibilityVersion = "Xcode 13.0";
			developmentRegion = en;
			hasScannedForEncodings = 0;
			knownRegions = (
				en,
				Base,
			);
			mainGroup = 295BEA65287DACCB005E8130;
			productRefGroup = 295BEA6F287DACCB005E8130 /* Products */;
			projectDirPath = "";
			projectRoot = "";
			targets = (
				295BEA6D287DACCB005E8130 /* FastWAN */,
				295BEA7D287DACCE005E8130 /* FastWANTests */,
				295BEA87287DACCF005E8130 /* FastWANUITests */,
			);
		};
/* End PBXProject section */

/* Begin PBXResourcesBuildPhase section */
		295BEA6C287DACCB005E8130 /* Resources */ = {
			isa = PBXResourcesBuildPhase;
			buildActionMask = 2147483647;
			files = (
				295BEA79287DACCE005E8130 /* Preview Assets.xcassets in Resources */,
				295BEA76287DACCE005E8130 /* Assets.xcassets in Resources */,
			);
			runOnlyForDeploymentPostprocessing = 0;
		};
		295BEA7C287DACCE005E8130 /* Resources */ = {
			isa = PBXResourcesBuildPhase;
			buildActionMask = 2147483647;
			files = (
			);
			runOnlyForDeploymentPostprocessing = 0;
		};
		295BEA86287DACCF005E8130 /* Resources */ = {
			isa = PBXResourcesBuildPhase;
			buildActionMask = 2147483647;
			files = (
			);
			runOnlyForDeploymentPostprocessing = 0;
		};
/* End PBXResourcesBuildPhase section */

/* Begin PBXSourcesBuildPhase section */
		295BEA6A287DACCB005E8130 /* Sources */ = {
			isa = PBXSourcesBuildPhase;
			buildActionMask = 2147483647;
			files = (
				295BEA74287DACCB005E8130 /* ContentView.swift in Sources */,
				295BEA72287DACCB005E8130 /* FastWANApp.swift in Sources */,
			);
			runOnlyForDeploymentPostprocessing = 0;
		};
		295BEA7A287DACCE005E8130 /* Sources */ = {
			isa = PBXSourcesBuildPhase;
			buildActionMask = 2147483647;
			files = (
				295BEA83287DACCE005E8130 /* FastWANTests.swift in Sources */,
			);
			runOnlyForDeploymentPostprocessing = 0;
		};
		295BEA84287DACCF005E8130 /* Sources */ = {
			isa = PBXSourcesBuildPhase;
			buildActionMask = 2147483647;
			files = (
				295BEA8D287DACCF005E8130 /* FastWANUITests.swift in Sources */,
				295BEA8F287DACCF005E8130 /* FastWANUITestsLaunchTests.swift in Sources */,
			);
			runOnlyForDeploymentPostprocessing = 0;
		};
/* End PBXSourcesBuildPhase section */

/* Begin PBXTargetDependency section */
		295BEA80287DACCE005E8130 /* PBXTargetDependency */ = {
			isa = PBXTargetDependency;
			target = 295BEA6D287DACCB005E8130 /* FastWAN */;
			targetProxy = 295BEA7F287DACCE005E8130 /* PBXContainerItemProxy */;
		};
		295BEA8A287DACCF005E8130 /* PBXTargetDependency */ = {
			isa = PBXTargetDependency;
			target = 295BEA6D287DACCB005E8130 /* FastWAN */;
			targetProxy = 295BEA89287DACCF005E8130 /* PBXContainerItemProxy */;
		};
/* End PBXTargetDependency section */

/* Begin XCBuildConfiguration section */
		295BEA90287DACCF005E8130 /* Debug */ = {
			isa = XCBuildConfiguration;
			buildSettings = {
				ALWAYS_SEARCH_USER_PATHS = NO;
				CLANG_ANALYZER_NONNULL = YES;
				CLANG_ANALYZER_NUMBER_OBJECT_CONVERSION = YES_AGGRESSIVE;
				CLANG_CXX_LANGUAGE_STANDARD = "gnu++17";
				CLANG_CXX_LIBRARY = "libc++";
				CLANG_ENABLE_MODULES = YES;
				CLANG_ENABLE_OBJC_ARC = YES;
				CLANG_ENABLE_OBJC_WEAK = YES;
				CLANG_WARN_BLOCK_CAPTURE_AUTORELEASING = YES;
				CLANG_WARN_BOOL_CONVERSION = YES;
				CLANG_WARN_COMMA = YES;
				CLANG_WARN_CONSTANT_CONVERSION = YES;
				CLANG_WARN_DEPRECATED_OBJC_IMPLEMENTATIONS = YES;
				CLANG_WARN_DIRECT_OBJC_ISA_USAGE = YES_ERROR;
				CLANG_WARN_DOCUMENTATION_COMMENTS = YES;
				CLANG_WARN_EMPTY_BODY = YES;
				CLANG_WARN_ENUM_CONVERSION = YES;
				CLANG_WARN_INFINITE_RECURSION = YES;
				CLANG_WARN_INT_CONVERSION = YES;
				CLANG_WARN_NON_LITERAL_NULL_CONVERSION = YES;
				CLANG_WARN_OBJC_IMPLICIT_RETAIN_SELF = YES;
				CLANG_WARN_OBJC_LITERAL_CONVERSION = YES;
				CLANG_WARN_OBJC_ROOT_CLASS = YES_ERROR;
				CLANG_WARN_QUOTED_INCLUDE_IN_FRAMEWORK_HEADER = YES;
				CLANG_WARN_RANGE_LOOP_ANALYSIS = YES;
				CLANG_WARN_STRICT_PROTOTYPES = YES;
				CLANG_WARN_SUSPICIOUS_MOVE = YES;
				CLANG_WARN_UNGUARDED_AVAILABILITY = YES_AGGRESSIVE;
				CLANG_WARN_UNREACHABLE_CODE = YES;
				CLANG_WARN__DUPLICATE_METHOD_MATCH = YES;
				COPY_PHASE_STRIP = NO;
				DEBUG_INFORMATION_FORMAT = dwarf;
				ENABLE_STRICT_OBJC_MSGSEND = YES;
				ENABLE_TESTABILITY = YES;
				GCC_C_LANGUAGE_STANDARD = gnu11;
				GCC_DYNAMIC_NO_PIC = NO;
				GCC_NO_COMMON_BLOCKS = YES;
				GCC_OPTIMIZATION_LEVEL = 0;
				GCC_PREPROCESSOR_DEFINITIONS = (
					"DEBUG=1",
					"$(inherited)",
				);
				GCC_WARN_64_TO_32_BIT_CONVERSION = YES;
				GCC_WARN_ABOUT_RETURN_TYPE = YES_ERROR;
				GCC_WARN_UNDECLARED_SELECTOR = YES;
				GCC_WARN_UNINITIALIZED_AUTOS = YES_AGGRESSIVE;
				GCC_WARN_UNUSED_FUNCTION = YES;
				GCC_WARN_UNUSED_VARIABLE = YES;
				IPHONEOS_DEPLOYMENT_TARGET = 15.2;
				MTL_ENABLE_DEBUG_INFO = INCLUDE_SOURCE;
				MTL_FAST_MATH = YES;
				ONLY_ACTIVE_ARCH = YES;
				SDKROOT = iphoneos;
				SWIFT_ACTIVE_COMPILATION_CONDITIONS = DEBUG;
				SWIFT_OPTIMIZATION_LEVEL = "-Onone";
			};
			name = Debug;
		};
		295BEA91287DACCF005E8130 /* Release */ = {
			isa = XCBuildConfiguration;
			buildSettings = {
				ALWAYS_SEARCH_USER_PATHS = NO;
				CLANG_ANALYZER_NONNULL = YES;
				CLANG_ANALYZER_NUMBER_OBJECT_CONVERSION = YES_AGGRESSIVE;
				CLANG_CXX_LANGUAGE_STANDARD = "gnu++17";
				CLANG_CXX_LIBRARY = "libc++";
				CLANG_ENABLE_MODULES = YES;
				CLANG_ENABLE_OBJC_ARC = YES;
				CLANG_ENABLE_OBJC_WEAK = YES;
				CLANG_WARN_BLOCK_CAPTURE_AUTORELEASING = YES;
				CLANG_WARN_BOOL_CONVERSION = YES;
				CLANG_WARN_COMMA = YES;
				CLANG_WARN_CONSTANT_CONVERSION = YES;
				CLANG_WARN_DEPRECATED_OBJC_IMPLEMENTATIONS = YES;
				CLANG_WARN_DIRECT_OBJC_ISA_USAGE = YES_ERROR;
				CLANG_WARN_DOCUMENTATION_COMMENTS = YES;
				CLANG_WARN_EMPTY_BODY = YES;
				CLANG_WARN_ENUM_CONVERSION = YES;
				CLANG_WARN_INFINITE_RECURSION = YES;
				CLANG_WARN_INT_CONVERSION = YES;
				CLANG_WARN_NON_LITERAL_NULL_CONVERSION = YES;
				CLANG_WARN_OBJC_IMPLICIT_RETAIN_SELF = YES;
				CLANG_WARN_OBJC_LITERAL_CONVERSION = YES;
				CLANG_WARN_OBJC_ROOT_CLASS = YES_ERROR;
				CLANG_WARN_QUOTED_INCLUDE_IN_FRAMEWORK_HEADER = YES;
				CLANG_WARN_RANGE_LOOP_ANALYSIS = YES;
				CLANG_WARN_STRICT_PROTOTYPES = YES;
				CLANG_WARN_SUSPICIOUS_MOVE = YES;
				CLANG_WARN_UNGUARDED_AVAILABILITY = YES_AGGRESSIVE;
				CLANG_WARN_UNREACHABLE_CODE = YES;
				CLANG_WARN__DUPLICATE_METHOD_MATCH = YES;
				COPY_PHASE_STRIP = NO;
				DEBUG_INFORMATION_FORMAT = "dwarf-with-dsym";
				ENABLE_NS_ASSERTIONS = NO;
				ENABLE_STRICT_OBJC_MSGSEND = YES;
				GCC_C_LANGUAGE_STANDARD = gnu11;
				GCC_NO_COMMON_BLOCKS = YES;
				GCC_WARN_64_TO_32_BIT_CONVERSION = YES;
				GCC_WARN_ABOUT_RETURN_TYPE = YES_ERROR;
				GCC_WARN_UNDECLARED_SELECTOR = YES;
				GCC_WARN_UNINITIALIZED_AUTOS = YES_AGGRESSIVE;
				GCC_WARN_UNUSED_FUNCTION = YES;
				GCC_WARN_UNUSED_VARIABLE = YES;
				IPHONEOS_DEPLOYMENT_TARGET = 15.2;
				MTL_ENABLE_DEBUG_INFO = NO;
				MTL_FAST_MATH = YES;
				SDKROOT = iphoneos;
				SWIFT_COMPILATION_MODE = wholemodule;
				SWIFT_OPTIMIZATION_LEVEL = "-O";
				VALIDATE_PRODUCT = YES;
			};
			name = Release;
		};
		295BEA93287DACCF005E8130 /* Debug */ = {
			isa = XCBuildConfiguration;
			buildSettings = {
				ASSETCATALOG_COMPILER_APPICON_NAME = AppIcon;
				ASSETCATALOG_COMPILER_GLOBAL_ACCENT_COLOR_NAME = AccentColor;
				CODE_SIGN_STYLE = Automatic;
				CURRENT_PROJECT_VERSION = 1;
				DEVELOPMENT_ASSET_PATHS = "\"FastWAN/Preview Content\"";
				ENABLE_PREVIEWS = YES;
				GENERATE_INFOPLIST_FILE = YES;
				INFOPLIST_KEY_UIApplicationSceneManifest_Generation = YES;
				INFOPLIST_KEY_UIApplicationSupportsIndirectInputEvents = YES;
				INFOPLIST_KEY_UILaunchScreen_Generation = YES;
				INFOPLIST_KEY_UISupportedInterfaceOrientations_iPad = "UIInterfaceOrientationPortrait UIInterfaceOrientationPortraitUpsideDown UIInterfaceOrientationLandscapeLeft UIInterfaceOrientationLandscapeRight";
				INFOPLIST_KEY_UISupportedInterfaceOrientations_iPhone = "UIInterfaceOrientationPortrait UIInterfaceOrientationLandscapeLeft UIInterfaceOrientationLandscapeRight";
				LD_RUNPATH_SEARCH_PATHS = (
					"$(inherited)",
					"@executable_path/Frameworks",
				);
				MARKETING_VERSION = 1.0;
				PRODUCT_BUNDLE_IDENTIFIER = com.Modao.FastWAN;
				PRODUCT_NAME = "$(TARGET_NAME)";
				SWIFT_EMIT_LOC_STRINGS = YES;
				SWIFT_VERSION = 5.0;
				TARGETED_DEVICE_FAMILY = "1,2";
			};
			name = Debug;
		};
		295BEA94287DACCF005E8130 /* Release */ = {
			isa = XCBuildConfiguration;
			buildSettings = {
				ASSETCATALOG_COMPILER_APPICON_NAME = AppIcon;
				ASSETCATALOG_COMPILER_GLOBAL_ACCENT_COLOR_NAME = AccentColor;
				CODE_SIGN_STYLE = Automatic;
				CURRENT_PROJECT_VERSION = 1;
				DEVELOPMENT_ASSET_PATHS = "\"FastWAN/Preview Content\"";
				ENABLE_PREVIEWS = YES;
				GENERATE_INFOPLIST_FILE = YES;
				INFOPLIST_KEY_UIApplicationSceneManifest_Generation = YES;
				INFOPLIST_KEY_UIApplicationSupportsIndirectInputEvents = YES;
				INFOPLIST_KEY_UILaunchScreen_Generation = YES;
				INFOPLIST_KEY_UISupportedInterfaceOrientations_iPad = "UIInterfaceOrientationPortrait UIInterfaceOrientationPortraitUpsideDown UIInterfaceOrientationLandscapeLeft UIInterfaceOrientationLandscapeRight";
				INFOPLIST_KEY_UISupportedInterfaceOrientations_iPhone = "UIInterfaceOrientationPortrait UIInterfaceOrientationLandscapeLeft UIInterfaceOrientationLandscapeRight";
				LD_RUNPATH_SEARCH_PATHS = (
					"$(inherited)",
					"@executable_path/Frameworks",
				);
				MARKETING_VERSION = 1.0;
				PRODUCT_BUNDLE_IDENTIFIER = com.Modao.FastWAN;
				PRODUCT_NAME = "$(TARGET_NAME)";
				SWIFT_EMIT_LOC_STRINGS = YES;
				SWIFT_VERSION = 5.0;
				TARGETED_DEVICE_FAMILY = "1,2";
			};
			name = Release;
		};
		295BEA96287DACCF005E8130 /* Debug */ = {
			isa = XCBuildConfiguration;
			buildSettings = {
				ALWAYS_EMBED_SWIFT_STANDARD_LIBRARIES = YES;
				BUNDLE_LOADER = "$(TEST_HOST)";
				CODE_SIGN_STYLE = Automatic;
				CURRENT_PROJECT_VERSION = 1;
				GENERATE_INFOPLIST_FILE = YES;
				IPHONEOS_DEPLOYMENT_TARGET = 15.2;
				MARKETING_VERSION = 1.0;
				PRODUCT_BUNDLE_IDENTIFIER = com.Modao.FastWANTests;
				PRODUCT_NAME = "$(TARGET_NAME)";
				SWIFT_EMIT_LOC_STRINGS = NO;
				SWIFT_VERSION = 5.0;
				TARGETED_DEVICE_FAMILY = "1,2";
				TEST_HOST = "$(BUILT_PRODUCTS_DIR)/FastWAN.app/FastWAN";
			};
			name = Debug;
		};
		295BEA97287DACCF005E8130 /* Release */ = {
			isa = XCBuildConfiguration;
			buildSettings = {
				ALWAYS_EMBED_SWIFT_STANDARD_LIBRARIES = YES;
				BUNDLE_LOADER = "$(TEST_HOST)";
				CODE_SIGN_STYLE = Automatic;
				CURRENT_PROJECT_VERSION = 1;
				GENERATE_INFOPLIST_FILE = YES;
				IPHONEOS_DEPLOYMENT_TARGET = 15.2;
				MARKETING_VERSION = 1.0;
				PRODUCT_BUNDLE_IDENTIFIER = com.Modao.FastWANTests;
				PRODUCT_NAME = "$(TARGET_NAME)";
				SWIFT_EMIT_LOC_STRINGS = NO;
				SWIFT_VERSION = 5.0;
				TARGETED_DEVICE_FAMILY = "1,2";
				TEST_HOST = "$(BUILT_PRODUCTS_DIR)/FastWAN.app/FastWAN";
			};
			name = Release;
		};
		295BEA99287DACCF005E8130 /* Debug */ = {
			isa = XCBuildConfiguration;
			buildSettings = {
				ALWAYS_EMBED_SWIFT_STANDARD_LIBRARIES = YES;
				CODE_SIGN_STYLE = Automatic;
				CURRENT_PROJECT_VERSION = 1;
				GENERATE_INFOPLIST_FILE = YES;
				MARKETING_VERSION = 1.0;
				PRODUCT_BUNDLE_IDENTIFIER = com.Modao.FastWANUITests;
				PRODUCT_NAME = "$(TARGET_NAME)";
				SWIFT_EMIT_LOC_STRINGS = NO;
				SWIFT_VERSION = 5.0;
				TARGETED_DEVICE_FAMILY = "1,2";
				TEST_TARGET_NAME = FastWAN;
			};
			name = Debug;
		};
		295BEA9A287DACCF005E8130 /* Release */ = {
			isa = XCBuildConfiguration;
			buildSettings = {
				ALWAYS_EMBED_SWIFT_STANDARD_LIBRARIES = YES;
				CODE_SIGN_STYLE = Automatic;
				CURRENT_PROJECT_VERSION = 1;
				GENERATE_INFOPLIST_FILE = YES;
				MARKETING_VERSION = 1.0;
				PRODUCT_BUNDLE_IDENTIFIER = com.Modao.FastWANUITests;
				PRODUCT_NAME = "$(TARGET_NAME)";
				SWIFT_EMIT_LOC_STRINGS = NO;
				SWIFT_VERSION = 5.0;
				TARGETED_DEVICE_FAMILY = "1,2";
				TEST_TARGET_NAME = FastWAN;
			};
			name = Release;
		};
/* End XCBuildConfiguration section */

/* Begin XCConfigurationList section */
		295BEA69287DACCB005E8130 /* Build configuration list for PBXProject "FastWAN" */ = {
			isa = XCConfigurationList;
			buildConfigurations = (
				295BEA90287DACCF005E8130 /* Debug */,
				295BEA91287DACCF005E8130 /* Release */,
			);
			defaultConfigurationIsVisible = 0;
			defaultConfigurationName = Release;
		};
		295BEA92287DACCF005E8130 /* Build configuration list for PBXNativeTarget "FastWAN" */ = {
			isa = XCConfigurationList;
			buildConfigurations = (
				295BEA93287DACCF005E8130 /* Debug */,
				295BEA94287DACCF005E8130 /* Release */,
			);
			defaultConfigurationIsVisible = 0;
			defaultConfigurationName = Release;
		};
		295BEA95287DACCF005E8130 /* Build configuration list for PBXNativeTarget "FastWANTests" */ = {
			isa = XCConfigurationList;
			buildConfigurations = (
				295BEA96287DACCF005E8130 /* Debug */,
				295BEA97287DACCF005E8130 /* Release */,
			);
			defaultConfigurationIsVisible = 0;
			defaultConfigurationName = Release;
		};
		295BEA98287DACCF005E8130 /* Build configuration list for PBXNativeTarget "FastWANUITests" */ = {
			isa = XCConfigurationList;
			buildConfigurations = (
				295BEA99287DACCF005E8130 /* Debug */,
				295BEA9A287DACCF005E8130 /* Release */,
			);
			defaultConfigurationIsVisible = 0;
			defaultConfigurationName = Release;
		};
/* End XCConfigurationList section */
	};
	rootObject = 295BEA66287DACCB005E8130 /* Project object */;
}
